# THIS IS AN AUTOGENERATED FILE. DO NOT EDIT THIS FILE DIRECTLY.
# yarn lockfile v1


"@types/jsrsasign@^8.0.13":
  version "8.0.13"
  resolved "https://registry.yarnpkg.com/@types/jsrsasign/-/jsrsasign-8.0.13.tgz#770c1e429107dfb0cc4f5b78b472584511a55a28"
  integrity sha512-+0Ij59D6NXP48KkeLhPXeQKOyLjvA9CD7zacc0Svy2IWHdl62BmDeTvGSIwKaGZSoamLJOo+on1AG/wPRLsd7A==

jsrsasign@^10.5.0:
  version "10.5.0"
  resolved "https://registry.yarnpkg.com/jsrsasign/-/jsrsasign-10.5.0.tgz#28acf0dbe7565633d306190fd9400c38dd862cb0"
  integrity sha512-AC1kfL1LJASKBLGv4bLLl+auFlsBajOxEcggL7fn8cp7nMRPhyln3LK/Q9lEDCrxYFU35NGUeFtUBCbasoF2Uw==
