# THIS IS AN AUTOGENERATED FILE. DO NOT EDIT THIS FILE DIRECTLY.
# yarn lockfile v1


"@types/jsrsasign@^8.0.13":
  version "8.0.13"
  resolved "https://registry.yarnpkg.com/@types/jsrsasign/-/jsrsasign-8.0.13.tgz#770c1e429107dfb0cc4f5b78b472584511a55a28"
  integrity sha512-+0Ij59D6NXP48KkeLhPXeQKOyLjvA9CD7zacc0Svy2IWHdl62BmDeTvGSIwKaGZSoamLJOo+on1AG/wPRLsd7A==

"@zeronejs/utils@^1.1.2":
  version "1.1.2"
  resolved "https://registry.yarnpkg.com/@zeronejs/utils/-/utils-1.1.2.tgz#14d720f53b155f2e208adcc669580b2d02476b7e"
  integrity sha512-srAYP4R0J08uz2Ts85ginsuPjkYSrZAKChGsvUnLP8BmAliHVzuE1NFH36hJpq4tLWmTwi2DD30s+kz35WNFYg==

axios@^0.24.0:
  version "0.24.0"
  resolved "https://registry.yarnpkg.com/axios/-/axios-0.24.0.tgz#804e6fa1e4b9c5288501dd9dff56a7a0940d20d6"
  integrity sha512-Q6cWsys88HoPgAaFAVUb0WpPk0O8iTeisR9IMqy9G8AbO4NlpVknrnQS03zzF9PGAWgO3cgletO3VjV/P7VztA==
  dependencies:
    follow-redirects "^1.14.4"

follow-redirects@^1.14.4:
  version "1.14.5"
  resolved "https://registry.yarnpkg.com/follow-redirects/-/follow-redirects-1.14.5.tgz#f09a5848981d3c772b5392309778523f8d85c381"
  integrity sha512-wtphSXy7d4/OR+MvIFbCVBDzZ5520qV8XfPklSN5QtxuMUJZ+b0Wnst1e1lCDocfzuCkHqj8k0FpZqO+UIaKNA==

jsrsasign@^10.5.0:
  version "10.5.0"
  resolved "https://registry.yarnpkg.com/jsrsasign/-/jsrsasign-10.5.0.tgz#28acf0dbe7565633d306190fd9400c38dd862cb0"
  integrity sha512-AC1kfL1LJASKBLGv4bLLl+auFlsBajOxEcggL7fn8cp7nMRPhyln3LK/Q9lEDCrxYFU35NGUeFtUBCbasoF2Uw==
