# THIS IS AN AUTOGENERATED FILE. DO NOT EDIT THIS FILE DIRECTLY.
# yarn lockfile v1


"@zeronejs/utils@^1.1.4":
  version "1.1.4"
  resolved "https://registry.yarnpkg.com/@zeronejs/utils/-/utils-1.1.4.tgz#c3df4b0f4e631ce0895f933276781a36724c9a14"
  integrity sha512-ZVKh8FtXjkScQlvIwJz8270S8EjAhsGcIEGl3Q8MlfmqsBSmi/Qhinbmy6mCUy1QpXZ8BV8V+4XNjD7QnEN3OQ==
